
Microsoft Visual Studio Solution File, Format Version 12.00
# Visual Studio Version 17
VisualStudioVersion = 17.8.34525.116
MinimumVisualStudioVersion = 10.0.40219.1
Project("{FAE04EC0-301F-11D3-BF4B-00C04F79EFBC}") = "NixonRandyLab5", "NixonRandyLab5\NixonRandyLab5.csproj", "{896F543E-463D-438F-90F3-9697D682E62F}"
EndProject
Global
	GlobalSection(SolutionConfigurationPlatforms) = preSolution
		Debug|Any CPU = Debug|Any CPU
		Release|Any CPU = Release|Any CPU
	EndGlobalSection
	GlobalSection(ProjectConfigurationPlatforms) = postSolution
		{896F543E-463D-438F-90F3-9697D682E62F}.Debug|Any CPU.ActiveCfg = Debug|Any CPU
		{896F543E-463D-438F-90F3-9697D682E62F}.Debug|Any CPU.Build.0 = Debug|Any CPU
		{896F543E-463D-438F-90F3-9697D682E62F}.Release|Any CPU.ActiveCfg = Release|Any CPU
		{896F543E-463D-438F-90F3-9697D682E62F}.Release|Any CPU.Build.0 = Release|Any CPU
	EndGlobalSection
	GlobalSection(SolutionProperties) = preSolution
		HideSolutionNode = FALSE
	EndGlobalSection
	GlobalSection(ExtensibilityGlobals) = postSolution
		SolutionGuid = {F2B63434-DF34-4219-831F-BCD09974AA65}
	EndGlobalSection
EndGlobal
